Microsoft Visual Studio Solution File, Format Version 12.00
# Visual Studio Version 17
VisualStudioVersion = 17.5.2.0
MinimumVisualStudioVersion = 10.0.40219.1
Project("{FAE04EC0-301F-11D3-BF4B-00C04F79EFBC}") = "FlySightWebTool", "FlySightWebTool.csproj", "{1ABD3941-4320-DB27-BAA9-7DD67EB63D85}"
EndProject
Global
	GlobalSection(SolutionConfigurationPlatforms) = preSolution
		Debug|Any CPU = Debug|Any CPU
		Release|Any CPU = Release|Any CPU
	EndGlobalSection
	GlobalSection(ProjectConfigurationPlatforms) = postSolution
		{1ABD3941-4320-DB27-BAA9-7DD67EB63D85}.Debug|Any CPU.ActiveCfg = Debug|Any CPU
		{1ABD3941-4320-DB27-BAA9-7DD67EB63D85}.Debug|Any CPU.Build.0 = Debug|Any CPU
		{1ABD3941-4320-DB27-BAA9-7DD67EB63D85}.Release|Any CPU.ActiveCfg = Release|Any CPU
		{1ABD3941-4320-DB27-BAA9-7DD67EB63D85}.Release|Any CPU.Build.0 = Release|Any CPU
	EndGlobalSection
	GlobalSection(SolutionProperties) = preSolution
		HideSolutionNode = FALSE
	EndGlobalSection
	GlobalSection(ExtensibilityGlobals) = postSolution
		SolutionGuid = {7D4E9A72-C2B4-4CAD-B346-DF2A5EAE9584}
	EndGlobalSection
EndGlobal
